
Microsoft Visual Studio Solution File, Format Version 12.00
# Visual Studio Version 16
VisualStudioVersion = 16.0.29411.108
MinimumVisualStudioVersion = 10.0.40219.1
Project("{9A19103F-16F7-4668-BE54-9A1E7A4F7556}") = "Api", "Api\Api.csproj", "{676D36F6-6398-403A-AB64-501B346C00D9}"
EndProject
Global
	GlobalSection(SolutionConfigurationPlatforms) = preSolution
		Debug|Any CPU = Debug|Any CPU
		Release|Any CPU = Release|Any CPU
	EndGlobalSection
	GlobalSection(ProjectConfigurationPlatforms) = postSolution
		{676D36F6-6398-403A-AB64-501B346C00D9}.Debug|Any CPU.ActiveCfg = Debug|Any CPU
		{676D36F6-6398-403A-AB64-501B346C00D9}.Debug|Any CPU.Build.0 = Debug|Any CPU
		{676D36F6-6398-403A-AB64-501B346C00D9}.Release|Any CPU.ActiveCfg = Release|Any CPU
		{676D36F6-6398-403A-AB64-501B346C00D9}.Release|Any CPU.Build.0 = Release|Any CPU
	EndGlobalSection
	GlobalSection(SolutionProperties) = preSolution
		HideSolutionNode = FALSE
	EndGlobalSection
	GlobalSection(ExtensibilityGlobals) = postSolution
		SolutionGuid = {A06AE28B-987C-48E7-9F65-D5B7A0088BD6}
	EndGlobalSection
EndGlobal
